
Microsoft Visual Studio Solution File, Format Version 12.00
# Visual Studio Version 16
VisualStudioVersion = 16.0.31729.503
MinimumVisualStudioVersion = 10.0.40219.1
Project("{FAE04EC0-301F-11D3-BF4B-00C04F79EFBC}") = "Class", "Class\Class.csproj", "{1DA5704E-5F15-42D3-8B94-8A2AC8CF445B}"
EndProject
Global
	GlobalSection(SolutionConfigurationPlatforms) = preSolution
		Debug|Any CPU = Debug|Any CPU
		Release|Any CPU = Release|Any CPU
	EndGlobalSection
	GlobalSection(ProjectConfigurationPlatforms) = postSolution
		{1DA5704E-5F15-42D3-8B94-8A2AC8CF445B}.Debug|Any CPU.ActiveCfg = Debug|Any CPU
		{1DA5704E-5F15-42D3-8B94-8A2AC8CF445B}.Debug|Any CPU.Build.0 = Debug|Any CPU
		{1DA5704E-5F15-42D3-8B94-8A2AC8CF445B}.Release|Any CPU.ActiveCfg = Release|Any CPU
		{1DA5704E-5F15-42D3-8B94-8A2AC8CF445B}.Release|Any CPU.Build.0 = Release|Any CPU
	EndGlobalSection
	GlobalSection(SolutionProperties) = preSolution
		HideSolutionNode = FALSE
	EndGlobalSection
	GlobalSection(ExtensibilityGlobals) = postSolution
		SolutionGuid = {51470C9A-D36C-424E-A524-C35D57048B08}
	EndGlobalSection
EndGlobal
